NeoBundleLock AOJ.vim 8477c47bb4ad0f78866b5deefc073768847bdc15
NeoBundleLock TweetVim 7d4c4313e9b77901a2fd0ff5d55795a4bb5dc619
NeoBundleLock VimCalc bdfd242a3179fb777f31053bd781b83ec2a1e534
NeoBundleLock Wombat 600a27a126a32a1c7fd5d46727c2bb488d8e7465
NeoBundleLock YankRing.vim a884f3a161fa3cd8c996eb53a3d1c68631f60c21
NeoBundleLock calendar.vim 394c789d2235a7a056ba527daf722e9119cac1c8
NeoBundleLock caw.vim 20b15cfe78ac5cde0e17b495e9256fe1b4577987
NeoBundleLock cpp-vim cfd50037c8183e41a0a3a1659cad0860636b7ee8
NeoBundleLock d.vim 0dbc26a754522e4cc1ac4d3f5689e86c8f53b3eb
NeoBundleLock easybuffer.vim 64bd1d5ae30e03c60bf3d7e93af796428fce2ff6
NeoBundleLock excitetranslate-vim df1adacf853ca79d9c2c8a97b4549cd0e00f6392
NeoBundleLock favstar-vim 038b24176afd926b56cc04f9c0ab53dc08eff094
NeoBundleLock ghcmod-vim d5c6c7f3c85608b5b76dc3e7e001f60b86c32cb9
NeoBundleLock gundo.vim 3975ac871565115e3769dc69c06bc88ddc1369af
NeoBundleLock html5.vim e5f9168812dbb2f32f6180173ea94f957ca5efc8
NeoBundleLock javacomplete f3d9ce93b4452baf5cb15b68d3b2a925a10a6e7d
NeoBundleLock javascript-libraries-syntax.vim c49ce49c3cd79bbb9388969568444e9b42498cb1
NeoBundleLock jedi-vim bce599fc9cb29fe45171d22eb6fae525580fe42f
NeoBundleLock jellybeans.vim f931895c20681684278aef2ffd810730b9c36ec3
NeoBundleLock jscomplete-vim d3af71c06a07f1285f3a6f82b032f3c8fb9744eb
NeoBundleLock lightline.vim b967eefb9b7c3103a2f8885eb736876f0a0cdaa9
NeoBundleLock molokai db8ce13b3737d3ddea8368498183d7c204a762eb
NeoBundleLock mustang-vim 6533d7d21bf27cae94d9c2caa575f627f003dfd5
NeoBundleLock neco-ghc 43d8ef49cdc45f601276c90dccee9aa62b8ea3c1
NeoBundleLock neobundle.vim e4e6766e7bbcac9b7048ee247f02af9020b9df29
NeoBundleLock neocomplete.vim 9d554042b53fc2b9c7a332b481883bb773ff721f
NeoBundleLock neosnippet 811176b29b1a60a164c9878f8dcbe4a680ee32e5
NeoBundleLock neosnippet-snippets 531e9ae877347f61eb06f0658410dd4fa60cc0d6
NeoBundleLock nerdtree 3b98a7fcae8f9fff356907171f0406ff8cd28921
NeoBundleLock open-browser.vim 7401abae649219708cc09a50e4f8967c5a11083c
NeoBundleLock previm da9dbce61ea1036023ce84c63c7faf6e0b5d27bb
NeoBundleLock rdark cca9bf19977a587b846c10a4f0d16688e57138bb
NeoBundleLock restart.vim 3b3fa3ad94d7b8cf00fc523e5dd52db66cff0a70
NeoBundleLock sudo.vim 060f0250d6f399d1cf9b15eaad3d55b3fbad4b0d
NeoBundleLock switch.vim aa48b42d9c5d4cd861a5bb4361c9e97bf4f4101b
NeoBundleLock syntastic c297fbebbdd679120a1f9faa5b9307395ab9d613
NeoBundleLock tabular 60f25648814f0695eeb6c1040d97adca93c4e0bb
NeoBundleLock twibill.vim fe08b7202b685fd0912625327e474f9de0993b93
NeoBundleLock undotree fa018f38252f58073f2987f8bf0d2d4a61e07277
NeoBundleLock unite-colorscheme 3aa33866a183f7659594a3f6b66b2334eaebc6a0
NeoBundleLock unite-javaimport 4afed1e396c74b5ffc3e23cca2b1a5c1cf8df5f7
NeoBundleLock unite-outline 962aaa61d5585634c15c3a7071df7c6a12c5e3cd
NeoBundleLock unite.vim be014810a7a54b41a53e134404f2605f62a246f1
NeoBundleLock vim-arduino-syntax 0d85f614ff4c3489e004f85607f838e9aa3b4ad9
NeoBundleLock vim-classpath 1ef18a10512fe0f84bb2c412b38e613c331a7b55
NeoBundleLock vim-colors-solarized 528a59f26d12278698bb946f8fb82a63711eec21
NeoBundleLock vim-colorschemes 81c6dd7ce3169e5ad9ba92422ba6e1ce5b074e36
NeoBundleLock vim-cpp-enhanced-highlight 143d6f3891264ea81d065f123622c06eb8140ce4
NeoBundleLock vim-css-color 7f6b5ecd4cee1c4afe7e47f554c87d8eb1befdab
NeoBundleLock vim-css3-syntax 33d21c75cfc8e4af16e1a1d58961c27ce13d3637
NeoBundleLock vim-easymotion 9f1c449edfce6d61c7f620e3a9c1389b7b7e334f
NeoBundleLock vim-endwise 4fab89df25457d68090f4aff86059ce7809bfc1f
NeoBundleLock vim-filetype-haskell 31b40b0961974067de569df7a7458498e4de5775
NeoBundleLock vim-html5validator 9354f66df436efb33f4b93c2a169eb7c655f3d4c
NeoBundleLock vim-hybrid 7d530218dbcc5b5a9d473bcd2dbd2a85e7be99fd
NeoBundleLock vim-indent-guides 184e55848de2304cabc5c03d2afe9b8fd098c58c
NeoBundleLock vim-javascript 8a409f7fd89de746296a92218183dc69fb6e3d93
NeoBundleLock vim-json f5e3181d0b33a9c51377bb7ea8492feddca8b503
NeoBundleLock vim-lucius ebc51239b8d2cbed85ff5652845cf820a554ac5b
NeoBundleLock vim-markdown b1a4dd32046a1f45d526d4abae7dea99aa3fd398
NeoBundleLock vim-markdown-quote-syntax e1b6684906570e04a6862d7938c3bd841170f822
NeoBundleLock vim-node 07a5e9f914dda778cdcefde3274d0f2ee5a75961
NeoBundleLock vim-nodejs-complete 1e2f98f4366c6dec27fa8df72971fa9fa33e9f07
NeoBundleLock vim-pandoc e7aec85ddc8a0f66e4e3a0cb4f17234128b54b42
NeoBundleLock vim-quickrun 2d03b3a7405da0e95ff7f6f617843ba9f536395f
NeoBundleLock vim-railscasts-theme 9035daff38dbbd30229890f26e54d9a7a71deca3
NeoBundleLock vim-ref 63cef8fe51e597f0b0475b654961cef01feabd93
NeoBundleLock vim-ruby ef2deeae81f540a17a3da5907146b3579c8ee0d6
NeoBundleLock vim-submode 8186099d2acc3a9a4cf09878c57308a30008c536
NeoBundleLock vim-sugarpot 3eaa5595383914db3e580a63f25553295aa81793
NeoBundleLock vimfiler 22ba49af5159ab2dbbe239040394ce50b7d9c219
NeoBundleLock vimproc.vim 0f68bcd93399ecbcde3eaa4efd09107314c9bdee
NeoBundleLock vimshell.vim 4939e10609c434becf6423b2f3876bb9c2be3464
NeoBundleLock w3m.vim 228a852b188f1a62ecea55fa48b0ec892fa6bad7
NeoBundleLock webapi-vim a7789abffe936db56e3152e23733847f94755753
NeoBundleLock wmgraphviz.vim c0d1a61c66a0ba5fdb2633b8fdcfc30c8cb24fbc
